
Microsoft Visual Studio Solution File, Format Version 12.00
# Visual Studio Version 16
VisualStudioVersion = 16.0.29020.237
MinimumVisualStudioVersion = 10.0.40219.1
Project("{FAE04EC0-301F-11D3-BF4B-00C04F79EFBC}") = "J3M Mouse Controller", "J3M Mouse Controller\J3M Mouse Controller.csproj", "{BFECC1F9-DC89-4587-90DD-F2438C2CEE95}"
EndProject
Project("{9A19103F-16F7-4668-BE54-9A1E7A4F7556}") = "J3M.Business", "J3M.Business\J3M.Business.csproj", "{D7AF9574-31C1-4B8E-BFCD-09500FA3484D}"
EndProject
Project("{9A19103F-16F7-4668-BE54-9A1E7A4F7556}") = "J3M.Entities", "J3M.Entities\J3M.Entities.csproj", "{AB713E23-17DA-4EDD-B353-7B2219D9AB1B}"
EndProject
Global
	GlobalSection(SolutionConfigurationPlatforms) = preSolution
		Debug|Any CPU = Debug|Any CPU
		Release|Any CPU = Release|Any CPU
	EndGlobalSection
	GlobalSection(ProjectConfigurationPlatforms) = postSolution
		{BFECC1F9-DC89-4587-90DD-F2438C2CEE95}.Debug|Any CPU.ActiveCfg = Debug|Any CPU
		{BFECC1F9-DC89-4587-90DD-F2438C2CEE95}.Debug|Any CPU.Build.0 = Debug|Any CPU
		{BFECC1F9-DC89-4587-90DD-F2438C2CEE95}.Release|Any CPU.ActiveCfg = Release|Any CPU
		{BFECC1F9-DC89-4587-90DD-F2438C2CEE95}.Release|Any CPU.Build.0 = Release|Any CPU
		{D7AF9574-31C1-4B8E-BFCD-09500FA3484D}.Debug|Any CPU.ActiveCfg = Debug|Any CPU
		{D7AF9574-31C1-4B8E-BFCD-09500FA3484D}.Debug|Any CPU.Build.0 = Debug|Any CPU
		{D7AF9574-31C1-4B8E-BFCD-09500FA3484D}.Release|Any CPU.ActiveCfg = Release|Any CPU
		{D7AF9574-31C1-4B8E-BFCD-09500FA3484D}.Release|Any CPU.Build.0 = Release|Any CPU
		{AB713E23-17DA-4EDD-B353-7B2219D9AB1B}.Debug|Any CPU.ActiveCfg = Debug|Any CPU
		{AB713E23-17DA-4EDD-B353-7B2219D9AB1B}.Debug|Any CPU.Build.0 = Debug|Any CPU
		{AB713E23-17DA-4EDD-B353-7B2219D9AB1B}.Release|Any CPU.ActiveCfg = Release|Any CPU
		{AB713E23-17DA-4EDD-B353-7B2219D9AB1B}.Release|Any CPU.Build.0 = Release|Any CPU
	EndGlobalSection
	GlobalSection(SolutionProperties) = preSolution
		HideSolutionNode = FALSE
	EndGlobalSection
	GlobalSection(ExtensibilityGlobals) = postSolution
		SolutionGuid = {277CCDDD-FE1E-4532-975F-F05D6182D130}
	EndGlobalSection
EndGlobal
